// !$*UTF8*$!
{
	archiveVersion = 1;
	classes = {
	};
	objectVersion = 46;
	objects = {

/* Begin PBXBuildFile section */
		1414835E1C0F8DD2006EE0C1 /* AppDelegate.swift in Sources */ = {isa = PBXBuildFile; fileRef = 1414835D1C0F8DD2006EE0C1 /* AppDelegate.swift */; };
		141483601C0F8DD2006EE0C1 /* ViewController.swift in Sources */ = {isa = PBXBuildFile; fileRef = 1414835F1C0F8DD2006EE0C1 /* ViewController.swift */; };
		141483631C0F8DD2006EE0C1 /* Main.storyboard in Resources */ = {isa = PBXBuildFile; fileRef = 141483611C0F8DD2006EE0C1 /* Main.storyboard */; };
		141483651C0F8DD2006EE0C1 /* Assets.xcassets in Resources */ = {isa = PBXBuildFile; fileRef = 141483641C0F8DD2006EE0C1 /* Assets.xcassets */; };
		141483681C0F8DD2006EE0C1 /* LaunchScreen.storyboard in Resources */ = {isa = PBXBuildFile; fileRef = 141483661C0F8DD2006EE0C1 /* LaunchScreen.storyboard */; };
		141483731C0F8DD2006EE0C1 /* HackerBooksTests.swift in Sources */ = {isa = PBXBuildFile; fileRef = 141483721C0F8DD2006EE0C1 /* HackerBooksTests.swift */; };
		1414837E1C0F8DD2006EE0C1 /* HackerBooksUITests.swift in Sources */ = {isa = PBXBuildFile; fileRef = 1414837D1C0F8DD2006EE0C1 /* HackerBooksUITests.swift */; };
		1414838D1C0F8E1D006EE0C1 /* JCOBook.swift in Sources */ = {isa = PBXBuildFile; fileRef = 1414838C1C0F8E1D006EE0C1 /* JCOBook.swift */; };
/* End PBXBuildFile section */

/* Begin PBXContainerItemProxy section */
		1414836F1C0F8DD2006EE0C1 /* PBXContainerItemProxy */ = {
			isa = PBXContainerItemProxy;
			containerPortal = 141483521C0F8DD2006EE0C1 /* Project object */;
			proxyType = 1;
			remoteGlobalIDString = 141483591C0F8DD2006EE0C1;
			remoteInfo = HackerBooks;
		};
		1414837A1C0F8DD2006EE0C1 /* PBXContainerItemProxy */ = {
			isa = PBXContainerItemProxy;
			containerPortal = 141483521C0F8DD2006EE0C1 /* Project object */;
			proxyType = 1;
			remoteGlobalIDString = 141483591C0F8DD2006EE0C1;
			remoteInfo = HackerBooks;
		};
/* End PBXContainerItemProxy section */

/* Begin PBXFileReference section */
		1414835A1C0F8DD2006EE0C1 /* HackerBooks.app */ = {isa = PBXFileReference; explicitFileType = wrapper.application; includeInIndex = 0; path = HackerBooks.app; sourceTree = BUILT_PRODUCTS_DIR; };
		1414835D1C0F8DD2006EE0C1 /* AppDelegate.swift */ = {isa = PBXFileReference; lastKnownFileType = sourcecode.swift; path = AppDelegate.swift; sourceTree = "<group>"; };
		1414835F1C0F8DD2006EE0C1 /* ViewController.swift */ = {isa = PBXFileReference; lastKnownFileType = sourcecode.swift; path = ViewController.swift; sourceTree = "<group>"; };
		141483621C0F8DD2006EE0C1 /* Base */ = {isa = PBXFileReference; lastKnownFileType = file.storyboard; name = Base; path = Base.lproj/Main.storyboard; sourceTree = "<group>"; };
		141483641C0F8DD2006EE0C1 /* Assets.xcassets */ = {isa = PBXFileReference; lastKnownFileType = folder.assetcatalog; path = Assets.xcassets; sourceTree = "<group>"; };
		141483671C0F8DD2006EE0C1 /* Base */ = {isa = PBXFileReference; lastKnownFileType = file.storyboard; name = Base; path = Base.lproj/LaunchScreen.storyboard; sourceTree = "<group>"; };
		141483691C0F8DD2006EE0C1 /* Info.plist */ = {isa = PBXFileReference; lastKnownFileType = text.plist.xml; path = Info.plist; sourceTree = "<group>"; };
		1414836E1C0F8DD2006EE0C1 /* HackerBooksTests.xctest */ = {isa = PBXFileReference; explicitFileType = wrapper.cfbundle; includeInIndex = 0; path = HackerBooksTests.xctest; sourceTree = BUILT_PRODUCTS_DIR; };
		141483721C0F8DD2006EE0C1 /* HackerBooksTests.swift */ = {isa = PBXFileReference; lastKnownFileType = sourcecode.swift; path = HackerBooksTests.swift; sourceTree = "<group>"; };
		141483741C0F8DD2006EE0C1 /* Info.plist */ = {isa = PBXFileReference; lastKnownFileType = text.plist.xml; path = Info.plist; sourceTree = "<group>"; };
		141483791C0F8DD2006EE0C1 /* HackerBooksUITests.xctest */ = {isa = PBXFileReference; explicitFileType = wrapper.cfbundle; includeInIndex = 0; path = HackerBooksUITests.xctest; sourceTree = BUILT_PRODUCTS_DIR; };
		1414837D1C0F8DD2006EE0C1 /* HackerBooksUITests.swift */ = {isa = PBXFileReference; lastKnownFileType = sourcecode.swift; path = HackerBooksUITests.swift; sourceTree = "<group>"; };
		1414837F1C0F8DD2006EE0C1 /* Info.plist */ = {isa = PBXFileReference; lastKnownFileType = text.plist.xml; path = Info.plist; sourceTree = "<group>"; };
		1414838C1C0F8E1D006EE0C1 /* JCOBook.swift */ = {isa = PBXFileReference; fileEncoding = 4; lastKnownFileType = sourcecode.swift; path = JCOBook.swift; sourceTree = "<group>"; };
/* End PBXFileReference section */

/* Begin PBXFrameworksBuildPhase section */
		141483571C0F8DD2006EE0C1 /* Frameworks */ = {
			isa = PBXFrameworksBuildPhase;
			buildActionMask = 2147483647;
			files = (
			);
			runOnlyForDeploymentPostprocessing = 0;
		};
		1414836B1C0F8DD2006EE0C1 /* Frameworks */ = {
			isa = PBXFrameworksBuildPhase;
			buildActionMask = 2147483647;
			files = (
			);
			runOnlyForDeploymentPostprocessing = 0;
		};
		141483761C0F8DD2006EE0C1 /* Frameworks */ = {
			isa = PBXFrameworksBuildPhase;
			buildActionMask = 2147483647;
			files = (
			);
			runOnlyForDeploymentPostprocessing = 0;
		};
/* End PBXFrameworksBuildPhase section */

/* Begin PBXGroup section */
		141483511C0F8DD2006EE0C1 = {
			isa = PBXGroup;
			children = (
				1414835C1C0F8DD2006EE0C1 /* HackerBooks */,
				141483711C0F8DD2006EE0C1 /* HackerBooksTests */,
				1414837C1C0F8DD2006EE0C1 /* HackerBooksUITests */,
				1414835B1C0F8DD2006EE0C1 /* Products */,
			);
			sourceTree = "<group>";
		};
		1414835B1C0F8DD2006EE0C1 /* Products */ = {
			isa = PBXGroup;
			children = (
				1414835A1C0F8DD2006EE0C1 /* HackerBooks.app */,
				1414836E1C0F8DD2006EE0C1 /* HackerBooksTests.xctest */,
				141483791C0F8DD2006EE0C1 /* HackerBooksUITests.xctest */,
			);
			name = Products;
			sourceTree = "<group>";
		};
		1414835C1C0F8DD2006EE0C1 /* HackerBooks */ = {
			isa = PBXGroup;
			children = (
				1414838B1C0F8DE6006EE0C1 /* Models */,
				1414835D1C0F8DD2006EE0C1 /* AppDelegate.swift */,
				1414835F1C0F8DD2006EE0C1 /* ViewController.swift */,
				141483611C0F8DD2006EE0C1 /* Main.storyboard */,
				141483641C0F8DD2006EE0C1 /* Assets.xcassets */,
				141483661C0F8DD2006EE0C1 /* LaunchScreen.storyboard */,
				141483691C0F8DD2006EE0C1 /* Info.plist */,
			);
			path = HackerBooks;
			sourceTree = "<group>";
		};
		141483711C0F8DD2006EE0C1 /* HackerBooksTests */ = {
			isa = PBXGroup;
			children = (
				141483721C0F8DD2006EE0C1 /* HackerBooksTests.swift */,
				141483741C0F8DD2006EE0C1 /* Info.plist */,
			);
			path = HackerBooksTests;
			sourceTree = "<group>";
		};
		1414837C1C0F8DD2006EE0C1 /* HackerBooksUITests */ = {
			isa = PBXGroup;
			children = (
				1414837D1C0F8DD2006EE0C1 /* HackerBooksUITests.swift */,
				1414837F1C0F8DD2006EE0C1 /* Info.plist */,
			);
			path = HackerBooksUITests;
			sourceTree = "<group>";
		};
		1414838B1C0F8DE6006EE0C1 /* Models */ = {
			isa = PBXGroup;
			children = (
				1414838C1C0F8E1D006EE0C1 /* JCOBook.swift */,
			);
			name = Models;
			sourceTree = "<group>";
		};
/* End PBXGroup section */

/* Begin PBXNativeTarget section */
		141483591C0F8DD2006EE0C1 /* HackerBooks */ = {
			isa = PBXNativeTarget;
			buildConfigurationList = 141483821C0F8DD2006EE0C1 /* Build configuration list for PBXNativeTarget "HackerBooks" */;
			buildPhases = (
				141483561C0F8DD2006EE0C1 /* Sources */,
				141483571C0F8DD2006EE0C1 /* Frameworks */,
				141483581C0F8DD2006EE0C1 /* Resources */,
			);
			buildRules = (
			);
			dependencies = (
			);
			name = HackerBooks;
			productName = HackerBooks;
			productReference = 1414835A1C0F8DD2006EE0C1 /* HackerBooks.app */;
			productType = "com.apple.product-type.application";
		};
		1414836D1C0F8DD2006EE0C1 /* HackerBooksTests */ = {
			isa = PBXNativeTarget;
			buildConfigurationList = 141483851C0F8DD2006EE0C1 /* Build configuration list for PBXNativeTarget "HackerBooksTests" */;
			buildPhases = (
				1414836A1C0F8DD2006EE0C1 /* Sources */,
				1414836B1C0F8DD2006EE0C1 /* Frameworks */,
				1414836C1C0F8DD2006EE0C1 /* Resources */,
			);
			buildRules = (
			);
			dependencies = (
				141483701C0F8DD2006EE0C1 /* PBXTargetDependency */,
			);
			name = HackerBooksTests;
			productName = HackerBooksTests;
			productReference = 1414836E1C0F8DD2006EE0C1 /* HackerBooksTests.xctest */;
			productType = "com.apple.product-type.bundle.unit-test";
		};
		141483781C0F8DD2006EE0C1 /* HackerBooksUITests */ = {
			isa = PBXNativeTarget;
			buildConfigurationList = 141483881C0F8DD2006EE0C1 /* Build configuration list for PBXNativeTarget "HackerBooksUITests" */;
			buildPhases = (
				141483751C0F8DD2006EE0C1 /* Sources */,
				141483761C0F8DD2006EE0C1 /* Frameworks */,
				141483771C0F8DD2006EE0C1 /* Resources */,
			);
			buildRules = (
			);
			dependencies = (
				1414837B1C0F8DD2006EE0C1 /* PBXTargetDependency */,
			);
			name = HackerBooksUITests;
			productName = HackerBooksUITests;
			productReference = 141483791C0F8DD2006EE0C1 /* HackerBooksUITests.xctest */;
			productType = "com.apple.product-type.bundle.ui-testing";
		};
/* End PBXNativeTarget section */

/* Begin PBXProject section */
		141483521C0F8DD2006EE0C1 /* Project object */ = {
			isa = PBXProject;
			attributes = {
				LastSwiftUpdateCheck = 0710;
				LastUpgradeCheck = 0710;
				ORGANIZATIONNAME = Ocon;
				TargetAttributes = {
					141483591C0F8DD2006EE0C1 = {
						CreatedOnToolsVersion = 7.1.1;
					};
					1414836D1C0F8DD2006EE0C1 = {
						CreatedOnToolsVersion = 7.1.1;
						TestTargetID = 141483591C0F8DD2006EE0C1;
					};
					141483781C0F8DD2006EE0C1 = {
						CreatedOnToolsVersion = 7.1.1;
						TestTargetID = 141483591C0F8DD2006EE0C1;
					};
				};
			};
			buildConfigurationList = 141483551C0F8DD2006EE0C1 /* Build configuration list for PBXProject "HackerBooks" */;
			compatibilityVersion = "Xcode 3.2";
			developmentRegion = English;
			hasScannedForEncodings = 0;
			knownRegions = (
				en,
				Base,
			);
			mainGroup = 141483511C0F8DD2006EE0C1;
			productRefGroup = 1414835B1C0F8DD2006EE0C1 /* Products */;
			projectDirPath = "";
			projectRoot = "";
			targets = (
				141483591C0F8DD2006EE0C1 /* HackerBooks */,
				1414836D1C0F8DD2006EE0C1 /* HackerBooksTests */,
				141483781C0F8DD2006EE0C1 /* HackerBooksUITests */,
			);
		};
/* End PBXProject section */

/* Begin PBXResourcesBuildPhase section */
		141483581C0F8DD2006EE0C1 /* Resources */ = {
			isa = PBXResourcesBuildPhase;
			buildActionMask = 2147483647;
			files = (
				141483681C0F8DD2006EE0C1 /* LaunchScreen.storyboard in Resources */,
				141483651C0F8DD2006EE0C1 /* Assets.xcassets in Resources */,
				141483631C0F8DD2006EE0C1 /* Main.storyboard in Resources */,
			);
			runOnlyForDeploymentPostprocessing = 0;
		};
		1414836C1C0F8DD2006EE0C1 /* Resources */ = {
			isa = PBXResourcesBuildPhase;
			buildActionMask = 2147483647;
			files = (
			);
			runOnlyForDeploymentPostprocessing = 0;
		};
		141483771C0F8DD2006EE0C1 /* Resources */ = {
			isa = PBXResourcesBuildPhase;
			buildActionMask = 2147483647;
			files = (
			);
			runOnlyForDeploymentPostprocessing = 0;
		};
/* End PBXResourcesBuildPhase section */

/* Begin PBXSourcesBuildPhase section */
		141483561C0F8DD2006EE0C1 /* Sources */ = {
			isa = PBXSourcesBuildPhase;
			buildActionMask = 2147483647;
			files = (
				141483601C0F8DD2006EE0C1 /* ViewController.swift in Sources */,
				1414835E1C0F8DD2006EE0C1 /* AppDelegate.swift in Sources */,
				1414838D1C0F8E1D006EE0C1 /* JCOBook.swift in Sources */,
			);
			runOnlyForDeploymentPostprocessing = 0;
		};
		1414836A1C0F8DD2006EE0C1 /* Sources */ = {
			isa = PBXSourcesBuildPhase;
			buildActionMask = 2147483647;
			files = (
				141483731C0F8DD2006EE0C1 /* HackerBooksTests.swift in Sources */,
			);
			runOnlyForDeploymentPostprocessing = 0;
		};
		141483751C0F8DD2006EE0C1 /* Sources */ = {
			isa = PBXSourcesBuildPhase;
			buildActionMask = 2147483647;
			files = (
				1414837E1C0F8DD2006EE0C1 /* HackerBooksUITests.swift in Sources */,
			);
			runOnlyForDeploymentPostprocessing = 0;
		};
/* End PBXSourcesBuildPhase section */

/* Begin PBXTargetDependency section */
		141483701C0F8DD2006EE0C1 /* PBXTargetDependency */ = {
			isa = PBXTargetDependency;
			target = 141483591C0F8DD2006EE0C1 /* HackerBooks */;
			targetProxy = 1414836F1C0F8DD2006EE0C1 /* PBXContainerItemProxy */;
		};
		1414837B1C0F8DD2006EE0C1 /* PBXTargetDependency */ = {
			isa = PBXTargetDependency;
			target = 141483591C0F8DD2006EE0C1 /* HackerBooks */;
			targetProxy = 1414837A1C0F8DD2006EE0C1 /* PBXContainerItemProxy */;
		};
/* End PBXTargetDependency section */

/* Begin PBXVariantGroup section */
		141483611C0F8DD2006EE0C1 /* Main.storyboard */ = {
			isa = PBXVariantGroup;
			children = (
				141483621C0F8DD2006EE0C1 /* Base */,
			);
			name = Main.storyboard;
			sourceTree = "<group>";
		};
		141483661C0F8DD2006EE0C1 /* LaunchScreen.storyboard */ = {
			isa = PBXVariantGroup;
			children = (
				141483671C0F8DD2006EE0C1 /* Base */,
			);
			name = LaunchScreen.storyboard;
			sourceTree = "<group>";
		};
/* End PBXVariantGroup section */

/* Begin XCBuildConfiguration section */
		141483801C0F8DD2006EE0C1 /* Debug */ = {
			isa = XCBuildConfiguration;
			buildSettings = {
				ALWAYS_SEARCH_USER_PATHS = NO;
				CLANG_CXX_LANGUAGE_STANDARD = "gnu++0x";
				CLANG_CXX_LIBRARY = "libc++";
				CLANG_ENABLE_MODULES = YES;
				CLANG_ENABLE_OBJC_ARC = YES;
				CLANG_WARN_BOOL_CONVERSION = YES;
				CLANG_WARN_CONSTANT_CONVERSION = YES;
				CLANG_WARN_DIRECT_OBJC_ISA_USAGE = YES_ERROR;
				CLANG_WARN_EMPTY_BODY = YES;
				CLANG_WARN_ENUM_CONVERSION = YES;
				CLANG_WARN_INT_CONVERSION = YES;
				CLANG_WARN_OBJC_ROOT_CLASS = YES_ERROR;
				CLANG_WARN_UNREACHABLE_CODE = YES;
				CLANG_WARN__DUPLICATE_METHOD_MATCH = YES;
				"CODE_SIGN_IDENTITY[sdk=iphoneos*]" = "iPhone Developer";
				COPY_PHASE_STRIP = NO;
				DEBUG_INFORMATION_FORMAT = dwarf;
				ENABLE_STRICT_OBJC_MSGSEND = YES;
				ENABLE_TESTABILITY = YES;
				GCC_C_LANGUAGE_STANDARD = gnu99;
				GCC_DYNAMIC_NO_PIC = NO;
				GCC_NO_COMMON_BLOCKS = YES;
				GCC_OPTIMIZATION_LEVEL = 0;
				GCC_PREPROCESSOR_DEFINITIONS = (
					"DEBUG=1",
					"$(inherited)",
				);
				GCC_WARN_64_TO_32_BIT_CONVERSION = YES;
				GCC_WARN_ABOUT_RETURN_TYPE = YES_ERROR;
				GCC_WARN_UNDECLARED_SELECTOR = YES;
				GCC_WARN_UNINITIALIZED_AUTOS = YES_AGGRESSIVE;
				GCC_WARN_UNUSED_FUNCTION = YES;
				GCC_WARN_UNUSED_VARIABLE = YES;
				IPHONEOS_DEPLOYMENT_TARGET = 9.1;
				MTL_ENABLE_DEBUG_INFO = YES;
				ONLY_ACTIVE_ARCH = YES;
				SDKROOT = iphoneos;
				SWIFT_OPTIMIZATION_LEVEL = "-Onone";
				TARGETED_DEVICE_FAMILY = "1,2";
			};
			name = Debug;
		};
		141483811C0F8DD2006EE0C1 /* Release */ = {
			isa = XCBuildConfiguration;
			buildSettings = {
				ALWAYS_SEARCH_USER_PATHS = NO;
				CLANG_CXX_LANGUAGE_STANDARD = "gnu++0x";
				CLANG_CXX_LIBRARY = "libc++";
				CLANG_ENABLE_MODULES = YES;
				CLANG_ENABLE_OBJC_ARC = YES;
				CLANG_WARN_BOOL_CONVERSION = YES;
				CLANG_WARN_CONSTANT_CONVERSION = YES;
				CLANG_WARN_DIRECT_OBJC_ISA_USAGE = YES_ERROR;
				CLANG_WARN_EMPTY_BODY = YES;
				CLANG_WARN_ENUM_CONVERSION = YES;
				CLANG_WARN_INT_CONVERSION = YES;
				CLANG_WARN_OBJC_ROOT_CLASS = YES_ERROR;
				CLANG_WARN_UNREACHABLE_CODE = YES;
				CLANG_WARN__DUPLICATE_METHOD_MATCH = YES;
				"CODE_SIGN_IDENTITY[sdk=iphoneos*]" = "iPhone Developer";
				COPY_PHASE_STRIP = NO;
				DEBUG_INFORMATION_FORMAT = "dwarf-with-dsym";
				ENABLE_NS_ASSERTIONS = NO;
				ENABLE_STRICT_OBJC_MSGSEND = YES;
				GCC_C_LANGUAGE_STANDARD = gnu99;
				GCC_NO_COMMON_BLOCKS = YES;
				GCC_WARN_64_TO_32_BIT_CONVERSION = YES;
				GCC_WARN_ABOUT_RETURN_TYPE = YES_ERROR;
				GCC_WARN_UNDECLARED_SELECTOR = YES;
				GCC_WARN_UNINITIALIZED_AUTOS = YES_AGGRESSIVE;
				GCC_WARN_UNUSED_FUNCTION = YES;
				GCC_WARN_UNUSED_VARIABLE = YES;
				IPHONEOS_DEPLOYMENT_TARGET = 9.1;
				MTL_ENABLE_DEBUG_INFO = NO;
				SDKROOT = iphoneos;
				TARGETED_DEVICE_FAMILY = "1,2";
				VALIDATE_PRODUCT = YES;
			};
			name = Release;
		};
		141483831C0F8DD2006EE0C1 /* Debug */ = {
			isa = XCBuildConfiguration;
			buildSettings = {
				ASSETCATALOG_COMPILER_APPICON_NAME = AppIcon;
				INFOPLIST_FILE = HackerBooks/Info.plist;
				LD_RUNPATH_SEARCH_PATHS = "$(inherited) @executable_path/Frameworks";
				PRODUCT_BUNDLE_IDENTIFIER = com.ocon.HackerBooks;
				PRODUCT_NAME = "$(TARGET_NAME)";
			};
			name = Debug;
		};
		141483841C0F8DD2006EE0C1 /* Release */ = {
			isa = XCBuildConfiguration;
			buildSettings = {
				ASSETCATALOG_COMPILER_APPICON_NAME = AppIcon;
				INFOPLIST_FILE = HackerBooks/Info.plist;
				LD_RUNPATH_SEARCH_PATHS = "$(inherited) @executable_path/Frameworks";
				PRODUCT_BUNDLE_IDENTIFIER = com.ocon.HackerBooks;
				PRODUCT_NAME = "$(TARGET_NAME)";
			};
			name = Release;
		};
		141483861C0F8DD2006EE0C1 /* Debug */ = {
			isa = XCBuildConfiguration;
			buildSettings = {
				BUNDLE_LOADER = "$(TEST_HOST)";
				INFOPLIST_FILE = HackerBooksTests/Info.plist;
				LD_RUNPATH_SEARCH_PATHS = "$(inherited) @executable_path/Frameworks @loader_path/Frameworks";
				PRODUCT_BUNDLE_IDENTIFIER = com.ocon.HackerBooksTests;
				PRODUCT_NAME = "$(TARGET_NAME)";
				TEST_HOST = "$(BUILT_PRODUCTS_DIR)/HackerBooks.app/HackerBooks";
			};
			name = Debug;
		};
		141483871C0F8DD2006EE0C1 /* Release */ = {
			isa = XCBuildConfiguration;
			buildSettings = {
				BUNDLE_LOADER = "$(TEST_HOST)";
				INFOPLIST_FILE = HackerBooksTests/Info.plist;
				LD_RUNPATH_SEARCH_PATHS = "$(inherited) @executable_path/Frameworks @loader_path/Frameworks";
				PRODUCT_BUNDLE_IDENTIFIER = com.ocon.HackerBooksTests;
				PRODUCT_NAME = "$(TARGET_NAME)";
				TEST_HOST = "$(BUILT_PRODUCTS_DIR)/HackerBooks.app/HackerBooks";
			};
			name = Release;
		};
		141483891C0F8DD2006EE0C1 /* Debug */ = {
			isa = XCBuildConfiguration;
			buildSettings = {
				INFOPLIST_FILE = HackerBooksUITests/Info.plist;
				LD_RUNPATH_SEARCH_PATHS = "$(inherited) @executable_path/Frameworks @loader_path/Frameworks";
				PRODUCT_BUNDLE_IDENTIFIER = com.ocon.HackerBooksUITests;
				PRODUCT_NAME = "$(TARGET_NAME)";
				TEST_TARGET_NAME = HackerBooks;
				USES_XCTRUNNER = YES;
			};
			name = Debug;
		};
		1414838A1C0F8DD2006EE0C1 /* Release */ = {
			isa = XCBuildConfiguration;
			buildSettings = {
				INFOPLIST_FILE = HackerBooksUITests/Info.plist;
				LD_RUNPATH_SEARCH_PATHS = "$(inherited) @executable_path/Frameworks @loader_path/Frameworks";
				PRODUCT_BUNDLE_IDENTIFIER = com.ocon.HackerBooksUITests;
				PRODUCT_NAME = "$(TARGET_NAME)";
				TEST_TARGET_NAME = HackerBooks;
				USES_XCTRUNNER = YES;
			};
			name = Release;
		};
/* End XCBuildConfiguration section */

/* Begin XCConfigurationList section */
		141483551C0F8DD2006EE0C1 /* Build configuration list for PBXProject "HackerBooks" */ = {
			isa = XCConfigurationList;
			buildConfigurations = (
				141483801C0F8DD2006EE0C1 /* Debug */,
				141483811C0F8DD2006EE0C1 /* Release */,
			);
			defaultConfigurationIsVisible = 0;
			defaultConfigurationName = Release;
		};
		141483821C0F8DD2006EE0C1 /* Build configuration list for PBXNativeTarget "HackerBooks" */ = {
			isa = XCConfigurationList;
			buildConfigurations = (
				141483831C0F8DD2006EE0C1 /* Debug */,
				141483841C0F8DD2006EE0C1 /* Release */,
			);
			defaultConfigurationIsVisible = 0;
		};
		141483851C0F8DD2006EE0C1 /* Build configuration list for PBXNativeTarget "HackerBooksTests" */ = {
			isa = XCConfigurationList;
			buildConfigurations = (
				141483861C0F8DD2006EE0C1 /* Debug */,
				141483871C0F8DD2006EE0C1 /* Release */,
			);
			defaultConfigurationIsVisible = 0;
		};
		141483881C0F8DD2006EE0C1 /* Build configuration list for PBXNativeTarget "HackerBooksUITests" */ = {
			isa = XCConfigurationList;
			buildConfigurations = (
				141483891C0F8DD2006EE0C1 /* Debug */,
				1414838A1C0F8DD2006EE0C1 /* Release */,
			);
			defaultConfigurationIsVisible = 0;
		};
/* End XCConfigurationList section */
	};
	rootObject = 141483521C0F8DD2006EE0C1 /* Project object */;
}
